
Microsoft Visual Studio Solution File, Format Version 12.00
# Visual Studio Version 17
VisualStudioVersion = 17.12.35506.116 d17.12
MinimumVisualStudioVersion = 10.0.40219.1
Project("{FAE04EC0-301F-11D3-BF4B-00C04F79EFBC}") = "PizzaRestaurent", "PizzaRestaurent.csproj", "{2E84BC4E-3638-4E66-B607-BC2423C3DE87}"
EndProject
Project("{FAE04EC0-301F-11D3-BF4B-00C04F79EFBC}") = "DatabaseLayer", "..\DatabaseLayer\DatabaseLayer.csproj", "{FAFF9596-8424-48AE-ACA1-1AD9B980D421}"
EndProject
Global
	GlobalSection(SolutionConfigurationPlatforms) = preSolution
		Debug|Any CPU = Debug|Any CPU
		Release|Any CPU = Release|Any CPU
	EndGlobalSection
	GlobalSection(ProjectConfigurationPlatforms) = postSolution
		{2E84BC4E-3638-4E66-B607-BC2423C3DE87}.Debug|Any CPU.ActiveCfg = Debug|Any CPU
		{2E84BC4E-3638-4E66-B607-BC2423C3DE87}.Debug|Any CPU.Build.0 = Debug|Any CPU
		{2E84BC4E-3638-4E66-B607-BC2423C3DE87}.Release|Any CPU.ActiveCfg = Release|Any CPU
		{2E84BC4E-3638-4E66-B607-BC2423C3DE87}.Release|Any CPU.Build.0 = Release|Any CPU
		{FAFF9596-8424-48AE-ACA1-1AD9B980D421}.Debug|Any CPU.ActiveCfg = Debug|Any CPU
		{FAFF9596-8424-48AE-ACA1-1AD9B980D421}.Debug|Any CPU.Build.0 = Debug|Any CPU
		{FAFF9596-8424-48AE-ACA1-1AD9B980D421}.Release|Any CPU.ActiveCfg = Release|Any CPU
		{FAFF9596-8424-48AE-ACA1-1AD9B980D421}.Release|Any CPU.Build.0 = Release|Any CPU
	EndGlobalSection
	GlobalSection(SolutionProperties) = preSolution
		HideSolutionNode = FALSE
	EndGlobalSection
EndGlobal
